
Microsoft Visual Studio Solution File, Format Version 12.00
# Visual Studio Version 17
VisualStudioVersion = 17.12.35506.116
MinimumVisualStudioVersion = 10.0.40219.1
Project("{FAE04EC0-301F-11D3-BF4B-00C04F79EFBC}") = "WpfExplorer", "WpfExplorer\WpfExplorer.csproj", "{77049A73-A199-4C0D-BDF0-AC79DF783496}"
EndProject
Project("{FAE04EC0-301F-11D3-BF4B-00C04F79EFBC}") = "WpfExplorer.Support", "WpfExplorer.Support\WpfExplorer.Support.csproj", "{76B3315E-350A-4A11-B57B-8F58D44AA49E}"
EndProject
Project("{FAE04EC0-301F-11D3-BF4B-00C04F79EFBC}") = "WpfExplorer.Forms", "WpfExplorer.Forms\WpfExplorer.Forms.csproj", "{BC75CA24-D9A6-4514-ABA9-ADD9B51488B9}"
EndProject
Global
	GlobalSection(SolutionConfigurationPlatforms) = preSolution
		Debug|Any CPU = Debug|Any CPU
		Release|Any CPU = Release|Any CPU
	EndGlobalSection
	GlobalSection(ProjectConfigurationPlatforms) = postSolution
		{77049A73-A199-4C0D-BDF0-AC79DF783496}.Debug|Any CPU.ActiveCfg = Debug|Any CPU
		{77049A73-A199-4C0D-BDF0-AC79DF783496}.Debug|Any CPU.Build.0 = Debug|Any CPU
		{77049A73-A199-4C0D-BDF0-AC79DF783496}.Release|Any CPU.ActiveCfg = Release|Any CPU
		{77049A73-A199-4C0D-BDF0-AC79DF783496}.Release|Any CPU.Build.0 = Release|Any CPU
		{76B3315E-350A-4A11-B57B-8F58D44AA49E}.Debug|Any CPU.ActiveCfg = Debug|Any CPU
		{76B3315E-350A-4A11-B57B-8F58D44AA49E}.Debug|Any CPU.Build.0 = Debug|Any CPU
		{76B3315E-350A-4A11-B57B-8F58D44AA49E}.Release|Any CPU.ActiveCfg = Release|Any CPU
		{76B3315E-350A-4A11-B57B-8F58D44AA49E}.Release|Any CPU.Build.0 = Release|Any CPU
		{BC75CA24-D9A6-4514-ABA9-ADD9B51488B9}.Debug|Any CPU.ActiveCfg = Debug|Any CPU
		{BC75CA24-D9A6-4514-ABA9-ADD9B51488B9}.Debug|Any CPU.Build.0 = Debug|Any CPU
		{BC75CA24-D9A6-4514-ABA9-ADD9B51488B9}.Release|Any CPU.ActiveCfg = Release|Any CPU
		{BC75CA24-D9A6-4514-ABA9-ADD9B51488B9}.Release|Any CPU.Build.0 = Release|Any CPU
	EndGlobalSection
	GlobalSection(SolutionProperties) = preSolution
		HideSolutionNode = FALSE
	EndGlobalSection
EndGlobal
